
Microsoft Visual Studio Solution File, Format Version 12.00
# Visual Studio Version 17
VisualStudioVersion = 17.3.32825.248
MinimumVisualStudioVersion = 10.0.40219.1
Project("{FAE04EC0-301F-11D3-BF4B-00C04F79EFBC}") = "SecurytyManagmentSystem", "SecurytyManagmentSystem\SecurytyManagmentSystem.csproj", "{19F59324-2C78-423D-A950-FDD28AD1E3C6}"
EndProject
Project("{FAE04EC0-301F-11D3-BF4B-00C04F79EFBC}") = "pogoda", "..\pogoda\pogoda\pogoda.csproj", "{836B08B6-F120-4305-B255-5DEACD5196A1}"
EndProject
Project("{FAE04EC0-301F-11D3-BF4B-00C04F79EFBC}") = "CCTV", "CCTV\CCTV.csproj", "{43DDA568-D138-4075-B5E8-040487CF1C42}"
EndProject
Project("{00D1A9C2-B5F0-4AF3-8072-F6C62B433612}") = "SMSDataSql", "SMSDataSql\SMSDataSql.sqlproj", "{16A975BA-49DC-46B8-8399-82107A9636DB}"
EndProject
Global
	GlobalSection(SolutionConfigurationPlatforms) = preSolution
		Debug|Any CPU = Debug|Any CPU
		Release|Any CPU = Release|Any CPU
	EndGlobalSection
	GlobalSection(ProjectConfigurationPlatforms) = postSolution
		{19F59324-2C78-423D-A950-FDD28AD1E3C6}.Debug|Any CPU.ActiveCfg = Debug|Any CPU
		{19F59324-2C78-423D-A950-FDD28AD1E3C6}.Debug|Any CPU.Build.0 = Debug|Any CPU
		{19F59324-2C78-423D-A950-FDD28AD1E3C6}.Release|Any CPU.ActiveCfg = Release|Any CPU
		{19F59324-2C78-423D-A950-FDD28AD1E3C6}.Release|Any CPU.Build.0 = Release|Any CPU
		{836B08B6-F120-4305-B255-5DEACD5196A1}.Debug|Any CPU.ActiveCfg = Debug|Any CPU
		{836B08B6-F120-4305-B255-5DEACD5196A1}.Debug|Any CPU.Build.0 = Debug|Any CPU
		{836B08B6-F120-4305-B255-5DEACD5196A1}.Release|Any CPU.ActiveCfg = Release|Any CPU
		{836B08B6-F120-4305-B255-5DEACD5196A1}.Release|Any CPU.Build.0 = Release|Any CPU
		{43DDA568-D138-4075-B5E8-040487CF1C42}.Debug|Any CPU.ActiveCfg = Debug|Any CPU
		{43DDA568-D138-4075-B5E8-040487CF1C42}.Debug|Any CPU.Build.0 = Debug|Any CPU
		{43DDA568-D138-4075-B5E8-040487CF1C42}.Release|Any CPU.ActiveCfg = Release|Any CPU
		{43DDA568-D138-4075-B5E8-040487CF1C42}.Release|Any CPU.Build.0 = Release|Any CPU
		{16A975BA-49DC-46B8-8399-82107A9636DB}.Debug|Any CPU.ActiveCfg = Debug|Any CPU
		{16A975BA-49DC-46B8-8399-82107A9636DB}.Debug|Any CPU.Build.0 = Debug|Any CPU
		{16A975BA-49DC-46B8-8399-82107A9636DB}.Debug|Any CPU.Deploy.0 = Debug|Any CPU
		{16A975BA-49DC-46B8-8399-82107A9636DB}.Release|Any CPU.ActiveCfg = Release|Any CPU
		{16A975BA-49DC-46B8-8399-82107A9636DB}.Release|Any CPU.Build.0 = Release|Any CPU
		{16A975BA-49DC-46B8-8399-82107A9636DB}.Release|Any CPU.Deploy.0 = Release|Any CPU
	EndGlobalSection
	GlobalSection(SolutionProperties) = preSolution
		HideSolutionNode = FALSE
	EndGlobalSection
	GlobalSection(ExtensibilityGlobals) = postSolution
		SolutionGuid = {8B10312A-564F-4DEE-94EA-F18EB014250A}
	EndGlobalSection
EndGlobal
